
Microsoft Visual Studio Solution File, Format Version 12.00
# Visual Studio Version 16
VisualStudioVersion = 16.0.29728.190
MinimumVisualStudioVersion = 10.0.40219.1
Project("{FAE04EC0-301F-11D3-BF4B-00C04F79EFBC}") = "Chillies.BhootJotokia", "Chillies.BhootJotokia\Chillies.BhootJotokia.csproj", "{8C7A0A0F-BE96-4B70-99DF-E7DCE8ACA08B}"
EndProject
Project("{FAE04EC0-301F-11D3-BF4B-00C04F79EFBC}") = "Chillies.BhootJotokia.Test", "Chillies.BhootJotokia.Test\Chillies.BhootJotokia.Test.csproj", "{07AC875C-53A6-415F-81ED-16C7FE34A869}"
EndProject
Global
	GlobalSection(SolutionConfigurationPlatforms) = preSolution
		Debug|Any CPU = Debug|Any CPU
		Release|Any CPU = Release|Any CPU
	EndGlobalSection
	GlobalSection(ProjectConfigurationPlatforms) = postSolution
		{8C7A0A0F-BE96-4B70-99DF-E7DCE8ACA08B}.Debug|Any CPU.ActiveCfg = Debug|Any CPU
		{8C7A0A0F-BE96-4B70-99DF-E7DCE8ACA08B}.Debug|Any CPU.Build.0 = Debug|Any CPU
		{8C7A0A0F-BE96-4B70-99DF-E7DCE8ACA08B}.Release|Any CPU.ActiveCfg = Release|Any CPU
		{8C7A0A0F-BE96-4B70-99DF-E7DCE8ACA08B}.Release|Any CPU.Build.0 = Release|Any CPU
		{07AC875C-53A6-415F-81ED-16C7FE34A869}.Debug|Any CPU.ActiveCfg = Debug|Any CPU
		{07AC875C-53A6-415F-81ED-16C7FE34A869}.Debug|Any CPU.Build.0 = Debug|Any CPU
		{07AC875C-53A6-415F-81ED-16C7FE34A869}.Release|Any CPU.ActiveCfg = Release|Any CPU
		{07AC875C-53A6-415F-81ED-16C7FE34A869}.Release|Any CPU.Build.0 = Release|Any CPU
	EndGlobalSection
	GlobalSection(SolutionProperties) = preSolution
		HideSolutionNode = FALSE
	EndGlobalSection
	GlobalSection(ExtensibilityGlobals) = postSolution
		SolutionGuid = {7E2778E5-7605-4415-9155-36FFF7BDD184}
	EndGlobalSection
EndGlobal
